{
  "name": "discord-voice-client",
  "version": "0.2.0",
  "lockfileVersion": 3,
  "requires": true,
  "packages": {
    "": {
      "name": "discord-voice-client",
      "version": "0.2.0",
      "license": "BSD-3-Clause",
      "dependencies": {
        "discord-api-types": "^0.38.17",
        "snpk-cycle": "^0.1.1",
        "ws": "^8.18.3"
      },
      "devDependencies": {
        "@types/node": "^22.15.19",
        "typescript": "^5.8.3"
      },
      "engines": {
        "node": ">=23.0.0"
      },
      "optionalDependencies": {
        "@snazzah/davey": "^0.1.6"
      }
    },
    "node_modules/@emnapi/core": {
      "version": "1.4.5",
      "resolved": "https://registry.npmjs.org/@emnapi/core/-/core-1.4.5.tgz",
      "integrity": "sha512-XsLw1dEOpkSX/WucdqUhPWP7hDxSvZiY+fsUC14h+FtQ2Ifni4znbBt8punRX+Uj2JG/uDb8nEHVKvrVlvdZ5Q==",
      "license": "MIT",
      "optional": true,
      "dependencies": {
        "@emnapi/wasi-threads": "1.0.4",
        "tslib": "^2.4.0"
      }
    },
    "node_modules/@emnapi/runtime": {
      "version": "1.4.5",
      "resolved": "https://registry.npmjs.org/@emnapi/runtime/-/runtime-1.4.5.tgz",
      "integrity": "sha512-++LApOtY0pEEz1zrd9vy1/zXVaVJJ/EbAF3u0fXIzPJEDtnITsBGbbK0EkM72amhl/R5b+5xx0Y/QhcVOpuulg==",
      "license": "MIT",
      "optional": true,
      "dependencies": {
        "tslib": "^2.4.0"
      }
    },
    "node_modules/@emnapi/wasi-threads": {
      "version": "1.0.4",
      "resolved": "https://registry.npmjs.org/@emnapi/wasi-threads/-/wasi-threads-1.0.4.tgz",
      "integrity": "sha512-PJR+bOmMOPH8AtcTGAyYNiuJ3/Fcoj2XN/gBEWzDIKh254XO+mM9XoXHk5GNEhodxeMznbg7BlRojVbKN+gC6g==",
      "license": "MIT",
      "optional": true,
      "dependencies": {
        "tslib": "^2.4.0"
      }
    },
    "node_modules/@napi-rs/wasm-runtime": {
      "version": "0.2.12",
      "resolved": "https://registry.npmjs.org/@napi-rs/wasm-runtime/-/wasm-runtime-0.2.12.tgz",
      "integrity": "sha512-ZVWUcfwY4E/yPitQJl481FjFo3K22D6qF0DuFH6Y/nbnE11GY5uguDxZMGXPQ8WQ0128MXQD7TnfHyK4oWoIJQ==",
      "license": "MIT",
      "optional": true,
      "dependencies": {
        "@emnapi/core": "^1.4.3",
        "@emnapi/runtime": "^1.4.3",
        "@tybys/wasm-util": "^0.10.0"
      }
    },
    "node_modules/@snazzah/davey": {
      "version": "0.1.6",
      "resolved": "https://registry.npmjs.org/@snazzah/davey/-/davey-0.1.6.tgz",
      "integrity": "sha512-wKJDQ7iobl3rvuQDXLC2yZdpuVxPvMnbyjyPpkcETqPfqNVrdyX9zSdV74dnkpx7aLpINEmKh8ZEIlCIJA2h1w==",
      "license": "MIT",
      "optional": true,
      "engines": {
        "node": ">= 10"
      },
      "funding": {
        "url": "https://github.com/sponsors/Snazzah"
      },
      "optionalDependencies": {
        "@snazzah/davey-android-arm-eabi": "0.1.6",
        "@snazzah/davey-android-arm64": "0.1.6",
        "@snazzah/davey-darwin-arm64": "0.1.6",
        "@snazzah/davey-darwin-x64": "0.1.6",
        "@snazzah/davey-freebsd-x64": "0.1.6",
        "@snazzah/davey-linux-arm-gnueabihf": "0.1.6",
        "@snazzah/davey-linux-arm64-gnu": "0.1.6",
        "@snazzah/davey-linux-arm64-musl": "0.1.6",
        "@snazzah/davey-linux-x64-gnu": "0.1.6",
        "@snazzah/davey-linux-x64-musl": "0.1.6",
        "@snazzah/davey-wasm32-wasi": "0.1.6",
        "@snazzah/davey-win32-arm64-msvc": "0.1.6",
        "@snazzah/davey-win32-ia32-msvc": "0.1.6",
        "@snazzah/davey-win32-x64-msvc": "0.1.6"
      }
    },
    "node_modules/@snazzah/davey-android-arm-eabi": {
      "version": "0.1.6",
      "resolved": "https://registry.npmjs.org/@snazzah/davey-android-arm-eabi/-/davey-android-arm-eabi-0.1.6.tgz",
      "integrity": "sha512-6Fso+kxvvIcmUdTgU4etHjvEZUwGwvIk+SUYxKTRZKz/S62pZvcFeZfbofpQC5ZIlt/rdp7l+4IM62J7PUduxQ==",
      "cpu": [
        "arm"
      ],
      "license": "MIT",
      "optional": true,
      "os": [
        "android"
      ],
      "engines": {
        "node": ">= 10"
      }
    },
    "node_modules/@snazzah/davey-android-arm64": {
      "version": "0.1.6",
      "resolved": "https://registry.npmjs.org/@snazzah/davey-android-arm64/-/davey-android-arm64-0.1.6.tgz",
      "integrity": "sha512-5ZGLumjewJAmGAcHqSHb2+KZSSufdNY++/GouzqdQXfhs2bSNBPuHpNn94u6//5UK0o73udJ6B1H/uLOLfEBLQ==",
      "cpu": [
        "arm64"
      ],
      "license": "MIT",
      "optional": true,
      "os": [
        "android"
      ],
      "engines": {
        "node": ">= 10"
      }
    },
    "node_modules/@snazzah/davey-darwin-arm64": {
      "version": "0.1.6",
      "resolved": "https://registry.npmjs.org/@snazzah/davey-darwin-arm64/-/davey-darwin-arm64-0.1.6.tgz",
      "integrity": "sha512-0k6gOm29bcznz4ND1gfJVKeCxfyFw/EtfhPQvQ2PPJToSIaSvVqfYIlj/v9ogWW/lzuPI4EbLP0b6hnZkKidbQ==",
      "cpu": [
        "arm64"
      ],
      "license": "MIT",
      "optional": true,
      "os": [
        "darwin"
      ],
      "engines": {
        "node": ">= 10"
      }
    },
    "node_modules/@snazzah/davey-darwin-x64": {
      "version": "0.1.6",
      "resolved": "https://registry.npmjs.org/@snazzah/davey-darwin-x64/-/davey-darwin-x64-0.1.6.tgz",
      "integrity": "sha512-y9UuymB5JTi9LSwjsCZDf/mjI6nAum1+uYX2h4xdO+VUxXQSAR4B2mr3lCI7l9KwYqW7JVDN5wETithAkXcTYA==",
      "cpu": [
        "x64"
      ],
      "license": "MIT",
      "optional": true,
      "os": [
        "darwin"
      ],
      "engines": {
        "node": ">= 10"
      }
    },
    "node_modules/@snazzah/davey-freebsd-x64": {
      "version": "0.1.6",
      "resolved": "https://registry.npmjs.org/@snazzah/davey-freebsd-x64/-/davey-freebsd-x64-0.1.6.tgz",
      "integrity": "sha512-G0XzHi+pZqTZ5Zr7Z66J6oGOG07+Obw7f0CwD9nAJcSFlKnd8wYzTjL+krHfQxmLHnuA5w/9df+M9oDJDcGcJw==",
      "cpu": [
        "x64"
      ],
      "license": "MIT",
      "optional": true,
      "os": [
        "freebsd"
      ],
      "engines": {
        "node": ">= 10"
      }
    },
    "node_modules/@snazzah/davey-linux-arm-gnueabihf": {
      "version": "0.1.6",
      "resolved": "https://registry.npmjs.org/@snazzah/davey-linux-arm-gnueabihf/-/davey-linux-arm-gnueabihf-0.1.6.tgz",
      "integrity": "sha512-RaxTzO8iJfDvj4a8OcXRwcP+2WfaCcno28ZWFMTI0pHEviG3MfLH5COAIvtMQvg0XfC+HgFC4YA1d29S8Dhvbg==",
      "cpu": [
        "arm"
      ],
      "license": "MIT",
      "optional": true,
      "os": [
        "linux"
      ],
      "engines": {
        "node": ">= 10"
      }
    },
    "node_modules/@snazzah/davey-linux-arm64-gnu": {
      "version": "0.1.6",
      "resolved": "https://registry.npmjs.org/@snazzah/davey-linux-arm64-gnu/-/davey-linux-arm64-gnu-0.1.6.tgz",
      "integrity": "sha512-2BIJSWs4rHq4U9A7B6WtF1LzwYJrbFUz5SQVmwqwQXKJ8cm81iizqclDGWr3zFGiVPTXLZ/+G3wnQNDB54oABQ==",
      "cpu": [
        "arm64"
      ],
      "license": "MIT",
      "optional": true,
      "os": [
        "linux"
      ],
      "engines": {
        "node": ">= 10"
      }
    },
    "node_modules/@snazzah/davey-linux-arm64-musl": {
      "version": "0.1.6",
      "resolved": "https://registry.npmjs.org/@snazzah/davey-linux-arm64-musl/-/davey-linux-arm64-musl-0.1.6.tgz",
      "integrity": "sha512-N1egO+HT8cvSdIGCzJNRVH3ZhxCIYKVYxEkfzVZaBx26snN8NF737YTVRldl84w//3tdgohyl27yrn+dMkWS2Q==",
      "cpu": [
        "arm64"
      ],
      "license": "MIT",
      "optional": true,
      "os": [
        "linux"
      ],
      "engines": {
        "node": ">= 10"
      }
    },
    "node_modules/@snazzah/davey-linux-x64-gnu": {
      "version": "0.1.6",
      "resolved": "https://registry.npmjs.org/@snazzah/davey-linux-x64-gnu/-/davey-linux-x64-gnu-0.1.6.tgz",
      "integrity": "sha512-RAC96Y//HHoMP+1MUf4rOkBq5Nx6GCiOGeGsNXt7r02lbIthoFEPYFQdbfc9jYA79k67gpzmCa0N5ws7ZLVU5A==",
      "cpu": [
        "x64"
      ],
      "license": "MIT",
      "optional": true,
      "os": [
        "linux"
      ],
      "engines": {
        "node": ">= 10"
      }
    },
    "node_modules/@snazzah/davey-linux-x64-musl": {
      "version": "0.1.6",
      "resolved": "https://registry.npmjs.org/@snazzah/davey-linux-x64-musl/-/davey-linux-x64-musl-0.1.6.tgz",
      "integrity": "sha512-nBvxJTKlQFP9UsQ7ah78L+rGdcwLWKDR8z/knut/M+UZLe37vaponJAbY3F5ZqGAcfqJbwUi/CXR77t9E+TDmw==",
      "cpu": [
        "x64"
      ],
      "license": "MIT",
      "optional": true,
      "os": [
        "linux"
      ],
      "engines": {
        "node": ">= 10"
      }
    },
    "node_modules/@snazzah/davey-wasm32-wasi": {
      "version": "0.1.6",
      "resolved": "https://registry.npmjs.org/@snazzah/davey-wasm32-wasi/-/davey-wasm32-wasi-0.1.6.tgz",
      "integrity": "sha512-hvpZH6a4mYZiXv6vdZaFwjPProgFtb3k4BoMvEEJZDXsEPuIDgp+d2BX5Q9nVazdnJa/6JR/XCuObzugPWp0Ew==",
      "cpu": [
        "wasm32"
      ],
      "license": "MIT",
      "optional": true,
      "dependencies": {
        "@napi-rs/wasm-runtime": "^0.2.11"
      },
      "engines": {
        "node": ">=14.0.0"
      }
    },
    "node_modules/@snazzah/davey-win32-arm64-msvc": {
      "version": "0.1.6",
      "resolved": "https://registry.npmjs.org/@snazzah/davey-win32-arm64-msvc/-/davey-win32-arm64-msvc-0.1.6.tgz",
      "integrity": "sha512-iuxYXXa0Z8eAEZotAlMYUc5DCy3VonRXQMm8/w2EvM/ZzGBI7SMap0GhPf6HjArEW32ETarTLh1s/Yi/jhFPDQ==",
      "cpu": [
        "arm64"
      ],
      "license": "MIT",
      "optional": true,
      "os": [
        "win32"
      ],
      "engines": {
        "node": ">= 10"
      }
    },
    "node_modules/@snazzah/davey-win32-ia32-msvc": {
      "version": "0.1.6",
      "resolved": "https://registry.npmjs.org/@snazzah/davey-win32-ia32-msvc/-/davey-win32-ia32-msvc-0.1.6.tgz",
      "integrity": "sha512-QEubcCIBR+ZZoQzRzJuOuKcH2IaF2pFXU+t48ITHG1o2WL4NAnvc3IpfVQGhbkr+DlydZ6fKNMMEemd1pRZzRA==",
      "cpu": [
        "ia32"
      ],
      "license": "MIT",
      "optional": true,
      "os": [
        "win32"
      ],
      "engines": {
        "node": ">= 10"
      }
    },
    "node_modules/@snazzah/davey-win32-x64-msvc": {
      "version": "0.1.6",
      "resolved": "https://registry.npmjs.org/@snazzah/davey-win32-x64-msvc/-/davey-win32-x64-msvc-0.1.6.tgz",
      "integrity": "sha512-8tR3o+amQOHJL8QzSwuSCCave+jm3SC1m1OKSh9Coy4wN/XoJN0XQUxqzA7ineSClAMW3yIO0ShFmMlMIXsC0A==",
      "cpu": [
        "x64"
      ],
      "license": "MIT",
      "optional": true,
      "os": [
        "win32"
      ],
      "engines": {
        "node": ">= 10"
      }
    },
    "node_modules/@tybys/wasm-util": {
      "version": "0.10.0",
      "resolved": "https://registry.npmjs.org/@tybys/wasm-util/-/wasm-util-0.10.0.tgz",
      "integrity": "sha512-VyyPYFlOMNylG45GoAe0xDoLwWuowvf92F9kySqzYh8vmYm7D2u4iUJKa1tOUpS70Ku13ASrOkS4ScXFsTaCNQ==",
      "license": "MIT",
      "optional": true,
      "dependencies": {
        "tslib": "^2.4.0"
      }
    },
    "node_modules/@types/node": {
      "version": "22.15.21",
      "resolved": "https://registry.npmjs.org/@types/node/-/node-22.15.21.tgz",
      "integrity": "sha512-EV/37Td6c+MgKAbkcLG6vqZ2zEYHD7bvSrzqqs2RIhbA6w3x+Dqz8MZM3sP6kGTeLrdoOgKZe+Xja7tUB2DNkQ==",
      "dev": true,
      "license": "MIT",
      "dependencies": {
        "undici-types": "~6.21.0"
      }
    },
    "node_modules/discord-api-types": {
      "version": "0.38.17",
      "resolved": "https://registry.npmjs.org/discord-api-types/-/discord-api-types-0.38.17.tgz",
      "integrity": "sha512-/fCx5jdUoR2hBFcj77Qx7Tmx1Ub8V/QpyS6uorjFvxRLcJJ348QxMFml9QW/eXh3i46eO4Ve8qGVepStpInEPg==",
      "license": "MIT",
      "workspaces": [
        "scripts/actions/documentation"
      ]
    },
    "node_modules/snpk-cycle": {
      "version": "0.1.1",
      "resolved": "https://registry.npmjs.org/snpk-cycle/-/snpk-cycle-0.1.1.tgz",
      "integrity": "sha512-MigMTCaU9uHpQX3okcf23Scuczs450LaNIaiS9Wdiqma28OVMXs1Ss1J4LaRwFMIGBBIqtH3e6f711Kaj92wlw==",
      "license": "BSD-3-Clause",
      "engines": {
        "node": ">=23.0.0"
      }
    },
    "node_modules/tslib": {
      "version": "2.8.1",
      "resolved": "https://registry.npmjs.org/tslib/-/tslib-2.8.1.tgz",
      "integrity": "sha512-oJFu94HQb+KVduSUQL7wnpmqnfmLsOA/nAh6b6EH0wCEoK0/mPeXU6c3wKDV83MkOuHPRHtSXKKU99IBazS/2w==",
      "license": "0BSD",
      "optional": true
    },
    "node_modules/typescript": {
      "version": "5.8.3",
      "resolved": "https://registry.npmjs.org/typescript/-/typescript-5.8.3.tgz",
      "integrity": "sha512-p1diW6TqL9L07nNxvRMM7hMMw4c5XOo/1ibL4aAIGmSAt9slTE1Xgw5KWuof2uTOvCg9BY7ZRi+GaF+7sfgPeQ==",
      "dev": true,
      "license": "Apache-2.0",
      "bin": {
        "tsc": "bin/tsc",
        "tsserver": "bin/tsserver"
      },
      "engines": {
        "node": ">=14.17"
      }
    },
    "node_modules/undici-types": {
      "version": "6.21.0",
      "resolved": "https://registry.npmjs.org/undici-types/-/undici-types-6.21.0.tgz",
      "integrity": "sha512-iwDZqg0QAGrg9Rav5H4n0M64c3mkR59cJ6wQp+7C4nI0gsmExaedaYLNO44eT4AtBBwjbTiGPMlt2Md0T9H9JQ==",
      "dev": true,
      "license": "MIT"
    },
    "node_modules/ws": {
      "version": "8.18.3",
      "resolved": "https://registry.npmjs.org/ws/-/ws-8.18.3.tgz",
      "integrity": "sha512-PEIGCY5tSlUt50cqyMXfCzX+oOPqN0vuGqWzbcJ2xvnkzkq46oOpz7dQaTDBdfICb4N14+GARUDw2XV2N4tvzg==",
      "license": "MIT",
      "engines": {
        "node": ">=10.0.0"
      },
      "peerDependencies": {
        "bufferutil": "^4.0.1",
        "utf-8-validate": ">=5.0.2"
      },
      "peerDependenciesMeta": {
        "bufferutil": {
          "optional": true
        },
        "utf-8-validate": {
          "optional": true
        }
      }
    }
  }
}
